{
  "name": "chrome-php",
  "version": "0.1.0",
  "lockfileVersion": 1,
  "dependencies": {
    "agent-base": {
      "version": "4.1.1",
      "resolved": "https://registry.npmjs.org/agent-base/-/agent-base-4.1.1.tgz",
      "integrity": "sha512-yWGUUmCZD/33IRjG2It94PzixT8lX+47Uq8fjmd0cgQWITCMrJuXFaVIMnGDmDnZGGKAGdwTx8UGeU8lMR2urA=="
    },
    "array-parallel": {
      "version": "0.1.3",
      "resolved": "https://registry.npmjs.org/array-parallel/-/array-parallel-0.1.3.tgz",
      "integrity": "sha1-j3hTCJJu1apHjEfmTRszS2wMlH0="
    },
    "array-series": {
      "version": "0.1.5",
      "resolved": "https://registry.npmjs.org/array-series/-/array-series-0.1.5.tgz",
      "integrity": "sha1-3103v8XC7wdV4qpPkv6ufUtaly8="
    },
    "async": {
      "version": "1.0.0",
      "resolved": "https://registry.npmjs.org/async/-/async-1.0.0.tgz",
      "integrity": "sha1-+PwEyjoTeErenhZBr5hXjPvWR6k="
    },
    "async-limiter": {
      "version": "1.0.0",
      "resolved": "https://registry.npmjs.org/async-limiter/-/async-limiter-1.0.0.tgz",
      "integrity": "sha512-jp/uFnooOiO+L211eZOoSyzpOITMXx1rBITauYykG3BRYPu8h0UcxsPNB04RR5vo4Tyz3+ay17tR6JVf9qzYWg=="
    },
    "aws-sign": {
      "version": "0.2.0",
      "resolved": "https://registry.npmjs.org/aws-sign/-/aws-sign-0.2.0.tgz",
      "integrity": "sha1-xVAThWyBlOyFSgy+yQqrWgTOOsU="
    },
    "balanced-match": {
      "version": "1.0.0",
      "resolved": "https://registry.npmjs.org/balanced-match/-/balanced-match-1.0.0.tgz",
      "integrity": "sha1-ibTRmasr7kneFk6gK4nORi1xt2c="
    },
    "bluebird": {
      "version": "3.5.1",
      "resolved": "https://registry.npmjs.org/bluebird/-/bluebird-3.5.1.tgz",
      "integrity": "sha512-MKiLiV+I1AA596t9w1sQJ8jkiSr5+ZKi0WKrYGUn6d1Fx+Ij4tIj+m2WMQSGczs5jZVxV339chE8iwk6F64wjA=="
    },
    "boom": {
      "version": "0.3.8",
      "resolved": "https://registry.npmjs.org/boom/-/boom-0.3.8.tgz",
      "integrity": "sha1-yM2wQUNZEnQWKMBE7Mcy0dF8Ceo="
    },
    "brace-expansion": {
      "version": "1.1.8",
      "resolved": "https://registry.npmjs.org/brace-expansion/-/brace-expansion-1.1.8.tgz",
      "integrity": "sha1-wHshHHyVLsH479Uad+8NHTmQopI="
    },
    "chrome-remote-interface": {
      "version": "0.23.3",
      "resolved": "https://registry.npmjs.org/chrome-remote-interface/-/chrome-remote-interface-0.23.3.tgz",
      "integrity": "sha512-Bj3zMOEqJNVOll/5LrtvSdpbXSsCiSdnSQPmKUQDmAofahHczR3Qp5VJaAKrhNC/nlv9jj74aYzxTUPKrez8rA=="
    },
    "colors": {
      "version": "1.0.3",
      "resolved": "https://registry.npmjs.org/colors/-/colors-1.0.3.tgz",
      "integrity": "sha1-BDP0TYCWgP3rYO0mDxsMJi6CpAs="
    },
    "combined-stream": {
      "version": "0.0.7",
      "resolved": "https://registry.npmjs.org/combined-stream/-/combined-stream-0.0.7.tgz",
      "integrity": "sha1-ATfmV7qlp1QcV6w3rF/AfXO03B8="
    },
    "commander": {
      "version": "2.1.0",
      "resolved": "https://registry.npmjs.org/commander/-/commander-2.1.0.tgz",
      "integrity": "sha1-0SG7roYNmZKj1Re6lvVliOR8Z4E="
    },
    "concat-map": {
      "version": "0.0.1",
      "resolved": "https://registry.npmjs.org/concat-map/-/concat-map-0.0.1.tgz",
      "integrity": "sha1-2Klr13/Wjfd5OnMDajug1UBdR3s="
    },
    "concat-stream": {
      "version": "1.6.0",
      "resolved": "https://registry.npmjs.org/concat-stream/-/concat-stream-1.6.0.tgz",
      "integrity": "sha1-CqxmL9Ur54lk1VMvaUeE5wEQrPc="
    },
    "cookie-jar": {
      "version": "0.2.0",
      "resolved": "https://registry.npmjs.org/cookie-jar/-/cookie-jar-0.2.0.tgz",
      "integrity": "sha1-ZOzAasl423leS1KQy+SLo3gUAPo="
    },
    "core-util-is": {
      "version": "1.0.2",
      "resolved": "https://registry.npmjs.org/core-util-is/-/core-util-is-1.0.2.tgz",
      "integrity": "sha1-tf1UIgqivFq1eqtxQMlAdUUDwac="
    },
    "cross-spawn": {
      "version": "4.0.2",
      "resolved": "https://registry.npmjs.org/cross-spawn/-/cross-spawn-4.0.2.tgz",
      "integrity": "sha1-e5JHYhwjrf3ThWAEqCPL45dCTUE="
    },
    "cryptiles": {
      "version": "0.1.3",
      "resolved": "https://registry.npmjs.org/cryptiles/-/cryptiles-0.1.3.tgz",
      "integrity": "sha1-GlVnNPBtJLo0hirpy55wmjr7/xw="
    },
    "cycle": {
      "version": "1.0.3",
      "resolved": "https://registry.npmjs.org/cycle/-/cycle-1.0.3.tgz",
      "integrity": "sha1-IegLK+hYD5i0aPN5QwZisEbDStI="
    },
    "debug": {
      "version": "2.2.0",
      "resolved": "https://registry.npmjs.org/debug/-/debug-2.2.0.tgz",
      "integrity": "sha1-+HBX6ZWxofauaklgZkE3vFbwOdo="
    },
    "delayed-stream": {
      "version": "0.0.5",
      "resolved": "https://registry.npmjs.org/delayed-stream/-/delayed-stream-0.0.5.tgz",
      "integrity": "sha1-1LH0OpPoKW3+AmlPRoC8N6MTxz8="
    },
    "es6-promise": {
      "version": "4.1.1",
      "resolved": "https://registry.npmjs.org/es6-promise/-/es6-promise-4.1.1.tgz",
      "integrity": "sha512-OaU1hHjgJf+b0NzsxCg7NdIYERD6Hy/PEmFLTjw+b65scuisG3Kt4QoTvJ66BBkPZ581gr0kpoVzKnxniM8nng=="
    },
    "es6-promisify": {
      "version": "5.0.0",
      "resolved": "https://registry.npmjs.org/es6-promisify/-/es6-promisify-5.0.0.tgz",
      "integrity": "sha1-UQnWLz5W6pZ8S2NQWu8IKRyKUgM="
    },
    "extract-zip": {
      "version": "1.6.5",
      "resolved": "https://registry.npmjs.org/extract-zip/-/extract-zip-1.6.5.tgz",
      "integrity": "sha1-maBnNbbqIOqbcF13ms/8yHz/BEA="
    },
    "eyes": {
      "version": "0.1.8",
      "resolved": "https://registry.npmjs.org/eyes/-/eyes-0.1.8.tgz",
      "integrity": "sha1-Ys8SAjTGg3hdkCNIqADvPgzCC8A="
    },
    "fd-slicer": {
      "version": "1.0.1",
      "resolved": "https://registry.npmjs.org/fd-slicer/-/fd-slicer-1.0.1.tgz",
      "integrity": "sha1-i1vL2ewyfFBBv5qwI/1nUPEXfmU="
    },
    "forever-agent": {
      "version": "0.2.0",
      "resolved": "https://registry.npmjs.org/forever-agent/-/forever-agent-0.2.0.tgz",
      "integrity": "sha1-4cJcetROCcOPIzh2x2/MJP+EOx8="
    },
    "form-data": {
      "version": "0.0.10",
      "resolved": "https://registry.npmjs.org/form-data/-/form-data-0.0.10.tgz",
      "integrity": "sha1-2zRaU3jYau6x7V1VO4aawZLS9e0=",
      "dependencies": {
        "async": {
          "version": "0.2.10",
          "resolved": "https://registry.npmjs.org/async/-/async-0.2.10.tgz",
          "integrity": "sha1-trvgsGdLnXGXCMo43owjfLUmw9E="
        },
        "mime": {
          "version": "1.2.11",
          "resolved": "https://registry.npmjs.org/mime/-/mime-1.2.11.tgz",
          "integrity": "sha1-WCA+7Ybjpe8XrtK32evUfwpg3RA="
        }
      }
    },
    "fs.realpath": {
      "version": "1.0.0",
      "resolved": "https://registry.npmjs.org/fs.realpath/-/fs.realpath-1.0.0.tgz",
      "integrity": "sha1-FQStJSMVjKpA20onh8sBQRmU6k8="
    },
    "glob": {
      "version": "7.1.2",
      "resolved": "https://registry.npmjs.org/glob/-/glob-7.1.2.tgz",
      "integrity": "sha512-MJTUg1kjuLeQCJ+ccE4Vpa6kKVXkPYJ2mOCQyUuKLcLQsdrMCpBPUi8qVE6+YuaJkozeA9NusTAw3hLr8Xe5EQ=="
    },
    "gm": {
      "version": "1.23.0",
      "resolved": "https://registry.npmjs.org/gm/-/gm-1.23.0.tgz",
      "integrity": "sha1-gKL+nL8TFRUCSEZERlhGEmn1JmE="
    },
    "hawk": {
      "version": "0.10.2",
      "resolved": "https://registry.npmjs.org/hawk/-/hawk-0.10.2.tgz",
      "integrity": "sha1-mzYd7pWpMWQObVBOBWCaj8OsRdI="
    },
    "hoek": {
      "version": "0.7.6",
      "resolved": "https://registry.npmjs.org/hoek/-/hoek-0.7.6.tgz",
      "integrity": "sha1-YPvZBFV1Qc0rh5Wr8wihs3cOFVo="
    },
    "https-proxy-agent": {
      "version": "2.1.0",
      "resolved": "https://registry.npmjs.org/https-proxy-agent/-/https-proxy-agent-2.1.0.tgz",
      "integrity": "sha512-/DTVSUCbRc6AiyOV4DBRvPDpKKCJh4qQJNaCgypX0T41quD9hp/PB5iUyx/60XobuMPQa9ce1jNV9UOUq6PnTg==",
      "dependencies": {
        "debug": {
          "version": "2.6.8",
          "resolved": "https://registry.npmjs.org/debug/-/debug-2.6.8.tgz",
          "integrity": "sha1-5zFTHKLt4n0YgiJCfaF4IdaP9Pw="
        },
        "ms": {
          "version": "2.0.0",
          "resolved": "https://registry.npmjs.org/ms/-/ms-2.0.0.tgz",
          "integrity": "sha1-VgiurfwAvmwpAd9fmGF4jeDVl8g="
        }
      }
    },
    "image-size": {
      "version": "0.6.1",
      "resolved": "https://registry.npmjs.org/image-size/-/image-size-0.6.1.tgz",
      "integrity": "sha512-lHMlI2MykfeHAQdtydQh4fTcBQVf4zLTA91w1euBe9rbmAfJ/iyzMh8H3KD9u1RldlHaMS3tmMV5TEe9BkmW9g=="
    },
    "inflight": {
      "version": "1.0.6",
      "resolved": "https://registry.npmjs.org/inflight/-/inflight-1.0.6.tgz",
      "integrity": "sha1-Sb1jMdfQLQwJvJEKEHW6gWW1bfk="
    },
    "inherits": {
      "version": "2.0.3",
      "resolved": "https://registry.npmjs.org/inherits/-/inherits-2.0.3.tgz",
      "integrity": "sha1-Yzwsg+PaQqUC9SRmAiSA9CCCYd4="
    },
    "isarray": {
      "version": "1.0.0",
      "resolved": "https://registry.npmjs.org/isarray/-/isarray-1.0.0.tgz",
      "integrity": "sha1-u5NdSFgsuhaMBoNJV6VKPgcSTxE="
    },
    "isexe": {
      "version": "2.0.0",
      "resolved": "https://registry.npmjs.org/isexe/-/isexe-2.0.0.tgz",
      "integrity": "sha1-6PvzdNxVb/iUehDcsFctYz8s+hA="
    },
    "isstream": {
      "version": "0.1.2",
      "resolved": "https://registry.npmjs.org/isstream/-/isstream-0.1.2.tgz",
      "integrity": "sha1-R+Y/evVa+m+S4VAOaQ64uFKcCZo="
    },
    "json-stringify-safe": {
      "version": "3.0.0",
      "resolved": "https://registry.npmjs.org/json-stringify-safe/-/json-stringify-safe-3.0.0.tgz",
      "integrity": "sha1-nbew5TDH8onF6MhDKvGRwv91pbM="
    },
    "lru-cache": {
      "version": "4.1.1",
      "resolved": "https://registry.npmjs.org/lru-cache/-/lru-cache-4.1.1.tgz",
      "integrity": "sha512-q4spe4KTfsAS1SUHLO0wz8Qiyf1+vMIAgpRYioFYDMNqKfHQbg+AVDH3i4fvpl71/P1L0dBl+fQi+P37UYf0ew=="
    },
    "mime": {
      "version": "1.4.0",
      "resolved": "https://registry.npmjs.org/mime/-/mime-1.4.0.tgz",
      "integrity": "sha512-n9ChLv77+QQEapYz8lV+rIZAW3HhAPW2CXnzb1GN5uMkuczshwvkW7XPsbzU0ZQN3sP47Er2KVkp2p3KyqZKSQ=="
    },
    "minimatch": {
      "version": "3.0.4",
      "resolved": "https://registry.npmjs.org/minimatch/-/minimatch-3.0.4.tgz",
      "integrity": "sha512-yJHVQEhyqPLUTgt9B83PXu6W3rx4MvvHvSUvToogpwoGDOUQ+yDrR0HRot+yOCdCO7u4hX3pWft6kWBBcqh0UA=="
    },
    "minimist": {
      "version": "1.2.0",
      "resolved": "https://registry.npmjs.org/minimist/-/minimist-1.2.0.tgz",
      "integrity": "sha1-o1AIsg9BOD7sH7kU9M1d95omQoQ="
    },
    "mkdirp": {
      "version": "0.5.0",
      "resolved": "https://registry.npmjs.org/mkdirp/-/mkdirp-0.5.0.tgz",
      "integrity": "sha1-HXMHam35hs2TROFecfzAWkyavxI=",
      "dependencies": {
        "minimist": {
          "version": "0.0.8",
          "resolved": "https://registry.npmjs.org/minimist/-/minimist-0.0.8.tgz",
          "integrity": "sha1-hX/Kv8M5fSYluCKCYuhqp6ARsF0="
        }
      }
    },
    "ms": {
      "version": "0.7.1",
      "resolved": "https://registry.npmjs.org/ms/-/ms-0.7.1.tgz",
      "integrity": "sha1-nNE8A62/8ltl7/3nzoZO6VIBcJg="
    },
    "node-uuid": {
      "version": "1.4.8",
      "resolved": "https://registry.npmjs.org/node-uuid/-/node-uuid-1.4.8.tgz",
      "integrity": "sha1-sEDrCSOWivq/jTL7HxfxFn/auQc="
    },
    "oauth-sign": {
      "version": "0.2.0",
      "resolved": "https://registry.npmjs.org/oauth-sign/-/oauth-sign-0.2.0.tgz",
      "integrity": "sha1-oOahcV2u0GLzIrYit/5a/RA1tuI="
    },
    "once": {
      "version": "1.4.0",
      "resolved": "https://registry.npmjs.org/once/-/once-1.4.0.tgz",
      "integrity": "sha1-WDsap3WWHUsROsF9nFC6753Xa9E="
    },
    "path-is-absolute": {
      "version": "1.0.1",
      "resolved": "https://registry.npmjs.org/path-is-absolute/-/path-is-absolute-1.0.1.tgz",
      "integrity": "sha1-F0uSaHNVNP+8es5r9TpanhtcX18="
    },
    "pend": {
      "version": "1.2.0",
      "resolved": "https://registry.npmjs.org/pend/-/pend-1.2.0.tgz",
      "integrity": "sha1-elfrVQpng/kRUzH89GY9XI4AelA="
    },
    "pkginfo": {
      "version": "0.3.1",
      "resolved": "https://registry.npmjs.org/pkginfo/-/pkginfo-0.3.1.tgz",
      "integrity": "sha1-Wyn2qB9wcXFC4J52W76rl7T4HiE="
    },
    "process": {
      "version": "0.11.10",
      "resolved": "https://registry.npmjs.org/process/-/process-0.11.10.tgz",
      "integrity": "sha1-czIwDoQBYb2j5podHZGn1LwW8YI="
    },
    "process-nextick-args": {
      "version": "1.0.7",
      "resolved": "https://registry.npmjs.org/process-nextick-args/-/process-nextick-args-1.0.7.tgz",
      "integrity": "sha1-FQ4gt1ZZCtP5EJPyWk8q2L/zC6M="
    },
    "progress": {
      "version": "2.0.0",
      "resolved": "https://registry.npmjs.org/progress/-/progress-2.0.0.tgz",
      "integrity": "sha1-ihvjZr+Pwj2yvSPxDG/pILQ4nR8="
    },
    "proxy-from-env": {
      "version": "1.0.0",
      "resolved": "https://registry.npmjs.org/proxy-from-env/-/proxy-from-env-1.0.0.tgz",
      "integrity": "sha1-M8UDmPcOp+uW0h97gXYwpVeRx+4="
    },
    "pseudomap": {
      "version": "1.0.2",
      "resolved": "https://registry.npmjs.org/pseudomap/-/pseudomap-1.0.2.tgz",
      "integrity": "sha1-8FKijacOYYkX7wqKw0wa5aaChrM="
    },
    "puppeteer": {
      "version": "0.10.2",
      "resolved": "https://registry.npmjs.org/puppeteer/-/puppeteer-0.10.2.tgz",
      "integrity": "sha512-dj1MdwiYfEwTemfFeBu0inGyhcaEe3cKREvTFSA/pkGHaCwyj/FFfJHJpr9vykXvSs/PbmcApOztsUyqzd1msA==",
      "dependencies": {
        "debug": {
          "version": "2.6.8",
          "resolved": "https://registry.npmjs.org/debug/-/debug-2.6.8.tgz",
          "integrity": "sha1-5zFTHKLt4n0YgiJCfaF4IdaP9Pw="
        },
        "ms": {
          "version": "2.0.0",
          "resolved": "https://registry.npmjs.org/ms/-/ms-2.0.0.tgz",
          "integrity": "sha1-VgiurfwAvmwpAd9fmGF4jeDVl8g="
        },
        "ws": {
          "version": "3.2.0",
          "resolved": "https://registry.npmjs.org/ws/-/ws-3.2.0.tgz",
          "integrity": "sha512-hTS3mkXm/j85jTQOIcwVz3yK3up9xHgPtgEhDBOH3G18LDOZmSAG1omJeXejLKJakx+okv8vS1sopgs7rw0kVw=="
        }
      }
    },
    "qs": {
      "version": "0.5.6",
      "resolved": "https://registry.npmjs.org/qs/-/qs-0.5.6.tgz",
      "integrity": "sha1-MbGtBYVnZRxSaSFQa5qHk5EaA4Q="
    },
    "readable-stream": {
      "version": "2.3.3",
      "resolved": "https://registry.npmjs.org/readable-stream/-/readable-stream-2.3.3.tgz",
      "integrity": "sha512-m+qzzcn7KUxEmd1gMbchF+Y2eIUbieUaxkWtptyHywrX0rE8QEYqPC07Vuy4Wm32/xE16NcdBctb8S0Xe/5IeQ=="
    },
    "request": {
      "version": "2.16.6",
      "resolved": "https://registry.npmjs.org/request/-/request-2.16.6.tgz",
      "integrity": "sha1-hy/kRa5y3iZrN4edatfclI+gHK0=",
      "dependencies": {
        "mime": {
          "version": "1.2.11",
          "resolved": "https://registry.npmjs.org/mime/-/mime-1.2.11.tgz",
          "integrity": "sha1-WCA+7Ybjpe8XrtK32evUfwpg3RA="
        }
      }
    },
    "rimraf": {
      "version": "2.6.2",
      "resolved": "https://registry.npmjs.org/rimraf/-/rimraf-2.6.2.tgz",
      "integrity": "sha512-lreewLK/BlghmxtfH36YYVg1i8IAce4TI7oao75I1g245+6BctqTVQiBP3YUJ9C6DQOXJmkYR9X9fCLtCOJc5w=="
    },
    "safe-buffer": {
      "version": "5.1.1",
      "resolved": "https://registry.npmjs.org/safe-buffer/-/safe-buffer-5.1.1.tgz",
      "integrity": "sha512-kKvNJn6Mm93gAczWVJg7wH+wGYWNrDHdWvpUmHyEsgCtIwwo3bqPtV4tR5tuPaUhTOo/kvhVwd8XwwOllGYkbg=="
    },
    "sntp": {
      "version": "0.1.4",
      "resolved": "https://registry.npmjs.org/sntp/-/sntp-0.1.4.tgz",
      "integrity": "sha1-XvSBuVGnspr/30r9fyaDj8ESD4Q="
    },
    "stack-trace": {
      "version": "0.0.10",
      "resolved": "https://registry.npmjs.org/stack-trace/-/stack-trace-0.0.10.tgz",
      "integrity": "sha1-VHxws0fo0ytOEI6hoqFZ5f3eGcA="
    },
    "string_decoder": {
      "version": "1.0.3",
      "resolved": "https://registry.npmjs.org/string_decoder/-/string_decoder-1.0.3.tgz",
      "integrity": "sha512-4AH6Z5fzNNBcH+6XDMfA/BTt87skxqJlO0lAh3Dker5zThcAxG6mKz+iGu308UKoPPQ8Dcqx/4JhujzltRa+hQ=="
    },
    "tunnel-agent": {
      "version": "0.2.0",
      "resolved": "https://registry.npmjs.org/tunnel-agent/-/tunnel-agent-0.2.0.tgz",
      "integrity": "sha1-aFPCr7GyEJ5FYp5JK9419Fnqaeg="
    },
    "typedarray": {
      "version": "0.0.6",
      "resolved": "https://registry.npmjs.org/typedarray/-/typedarray-0.0.6.tgz",
      "integrity": "sha1-hnrHTjhkGHsdPUfZlqeOxciDB3c="
    },
    "ultron": {
      "version": "1.1.0",
      "resolved": "https://registry.npmjs.org/ultron/-/ultron-1.1.0.tgz",
      "integrity": "sha1-sHoualQagV/Go0zNRTO67DB8qGQ="
    },
    "util-deprecate": {
      "version": "1.0.2",
      "resolved": "https://registry.npmjs.org/util-deprecate/-/util-deprecate-1.0.2.tgz",
      "integrity": "sha1-RQ1Nyfpw3nMnYvvS1KKJgUGaDM8="
    },
    "which": {
      "version": "1.3.0",
      "resolved": "https://registry.npmjs.org/which/-/which-1.3.0.tgz",
      "integrity": "sha512-xcJpopdamTuY5duC/KnTTNBraPK54YwpenP4lzxU8H91GudWpFv38u0CKjclE1Wi2EH2EDz5LRcHcKbCIzqGyg=="
    },
    "winston": {
      "version": "2.4.0",
      "resolved": "https://registry.npmjs.org/winston/-/winston-2.4.0.tgz",
      "integrity": "sha1-gIBQuT1SZh7Z+2wms/DIJnCLCu4="
    },
    "winston-stderr": {
      "version": "0.0.3",
      "resolved": "https://registry.npmjs.org/winston-stderr/-/winston-stderr-0.0.3.tgz",
      "integrity": "sha1-RmukpfKtn94nVYNKlQ+C11rhUfs=",
      "dependencies": {
        "async": {
          "version": "0.2.10",
          "resolved": "https://registry.npmjs.org/async/-/async-0.2.10.tgz",
          "integrity": "sha1-trvgsGdLnXGXCMo43owjfLUmw9E="
        },
        "colors": {
          "version": "0.6.2",
          "resolved": "https://registry.npmjs.org/colors/-/colors-0.6.2.tgz",
          "integrity": "sha1-JCP+ZnisDF2uiFLl0OW+CMmXq8w="
        },
        "winston": {
          "version": "0.7.3",
          "resolved": "https://registry.npmjs.org/winston/-/winston-0.7.3.tgz",
          "integrity": "sha1-euMTunP83C7LSqL5zURugphncmY="
        }
      }
    },
    "wrappy": {
      "version": "1.0.2",
      "resolved": "https://registry.npmjs.org/wrappy/-/wrappy-1.0.2.tgz",
      "integrity": "sha1-tSQ9jz7BqjXxNkYFvA0QNuMKtp8="
    },
    "ws": {
      "version": "2.0.3",
      "resolved": "https://registry.npmjs.org/ws/-/ws-2.0.3.tgz",
      "integrity": "sha1-Uy/UmcP319cg5UPx+AcQbPxX2cs="
    },
    "yallist": {
      "version": "2.1.2",
      "resolved": "https://registry.npmjs.org/yallist/-/yallist-2.1.2.tgz",
      "integrity": "sha1-HBH5IY8HYImkfdUS+TxmmaaoHVI="
    },
    "yauzl": {
      "version": "2.4.1",
      "resolved": "https://registry.npmjs.org/yauzl/-/yauzl-2.4.1.tgz",
      "integrity": "sha1-lSj0QtqxsihOWLQ3m7GU4i4MQAU="
    }
  }
}
